
Microsoft Visual Studio Solution File, Format Version 12.00
# Visual Studio Version 16
VisualStudioVersion = 16.0.31321.278
MinimumVisualStudioVersion = 10.0.40219.1
Project("{FAE04EC0-301F-11D3-BF4B-00C04F79EFBC}") = "DataInventoryManagement", "DataInventoryManagement\DataInventoryManagement.csproj", "{5D3EE103-DE10-41A0-855F-4385307CF39D}"
EndProject
Global
	GlobalSection(SolutionConfigurationPlatforms) = preSolution
		Debug|Any CPU = Debug|Any CPU
		Release|Any CPU = Release|Any CPU
	EndGlobalSection
	GlobalSection(ProjectConfigurationPlatforms) = postSolution
		{5D3EE103-DE10-41A0-855F-4385307CF39D}.Debug|Any CPU.ActiveCfg = Debug|Any CPU
		{5D3EE103-DE10-41A0-855F-4385307CF39D}.Debug|Any CPU.Build.0 = Debug|Any CPU
		{5D3EE103-DE10-41A0-855F-4385307CF39D}.Release|Any CPU.ActiveCfg = Release|Any CPU
		{5D3EE103-DE10-41A0-855F-4385307CF39D}.Release|Any CPU.Build.0 = Release|Any CPU
	EndGlobalSection
	GlobalSection(SolutionProperties) = preSolution
		HideSolutionNode = FALSE
	EndGlobalSection
	GlobalSection(ExtensibilityGlobals) = postSolution
		SolutionGuid = {0591460A-2225-4685-8F91-EC5799E77A06}
	EndGlobalSection
EndGlobal
